{
  "nodes": {
    "dwarffs": {
      "inputs": {
        "nix": "nix",
        "nixpkgs": [
          "dwarffs",
          "nix",
          "nixpkgs"
        ]
      },
      "locked": {
        "lastModified": 1662486847,
        "narHash": "sha256-HBgQB8jzmpBTHAdPfCtLnxVhHSzI3XtSfcMW2TZ0KN8=",
        "owner": "edolstra",
        "repo": "dwarffs",
        "rev": "1f850df9c932acb95da2f31b576a8f6c7c188376",
        "type": "github"
      },
      "original": {
        "owner": "edolstra",
        "repo": "dwarffs",
        "type": "github"
      }
    },
    "home-manager": {
      "inputs": {
        "nixpkgs": [
          "nixpkgs"
        ]
      },
      "locked": {
        "lastModified": 1685885003,
        "narHash": "sha256-+OB0EvZBfGvnlTGg6mtyUCqkMnUp9DkmRUU4d7BZBVE=",
        "owner": "nix-community",
        "repo": "home-manager",
        "rev": "607d8fad96436b134424b9935166a7cd0884003e",
        "type": "github"
      },
      "original": {
        "owner": "nix-community",
        "repo": "home-manager",
        "type": "github"
      }
    },
    "home-manager_2": {
      "inputs": {
        "nixpkgs": [
          "nix-sops",
          "nixpkgs"
        ],
        "utils": "utils"
      },
      "locked": {
        "lastModified": 1658150285,
        "narHash": "sha256-eZyPcSimXqxE3fcdtkoqrsl13OwT0z1oeQq4Q5y2m58=",
        "owner": "nix-community",
        "repo": "home-manager",
        "rev": "30dda628bcd0814f65393359a4763f1afaee25a0",
        "type": "github"
      },
      "original": {
        "owner": "nix-community",
        "repo": "home-manager",
        "type": "github"
      }
    },
    "lowdown-src": {
      "flake": false,
      "locked": {
        "lastModified": 1633514407,
        "narHash": "sha256-Dw32tiMjdK9t3ETl5fzGrutQTzh2rufgZV4A/BbxuD4=",
        "owner": "kristapsdz",
        "repo": "lowdown",
        "rev": "d2c2b44ff6c27b936ec27358a2653caaef8f73b8",
        "type": "github"
      },
      "original": {
        "owner": "kristapsdz",
        "repo": "lowdown",
        "type": "github"
      }
    },
    "mozilla": {
      "locked": {
        "lastModified": 1657214286,
        "narHash": "sha256-rO/4oymKXU09wG2bcTt4uthPCp1XsBZjxuCJo3yVXNs=",
        "owner": "mozilla",
        "repo": "nixpkgs-mozilla",
        "rev": "0508a66e28a5792fdfb126bbf4dec1029c2509e0",
        "type": "github"
      },
      "original": {
        "owner": "mozilla",
        "repo": "nixpkgs-mozilla",
        "type": "github"
      }
    },
    "nix": {
      "inputs": {
        "lowdown-src": "lowdown-src",
        "nixpkgs": "nixpkgs",
        "nixpkgs-regression": "nixpkgs-regression"
      },
      "locked": {
        "lastModified": 1656108215,
        "narHash": "sha256-RzgcfbXxNWtt4BeJ/rPzHxR+l+wCfiauN4XTVnRLiy0=",
        "owner": "NixOS",
        "repo": "nix",
        "rev": "586fa707fca207dbd12e49800691390249bdcd03",
        "type": "github"
      },
      "original": {
        "id": "nix",
        "type": "indirect"
      }
    },
    "nix-sops": {
      "inputs": {
        "home-manager": "home-manager_2",
        "nixpkgs": "nixpkgs_2"
      },
      "locked": {
        "lastModified": 1691374489,
        "narHash": "sha256-lxmruAF2+pgJ7t8IfkibI+y+SR2d8C/1znZAijnUG3M=",
        "owner": "impl",
        "repo": "nix-sops",
        "rev": "4c00d5cc08d23ac74e85b9b7c443d407c9cbe82b",
        "type": "github"
      },
      "original": {
        "owner": "impl",
        "repo": "nix-sops",
        "type": "github"
      }
    },
    "nixpkgs": {
      "locked": {
        "lastModified": 1653988320,
        "narHash": "sha256-ZaqFFsSDipZ6KVqriwM34T739+KLYJvNmCWzErjAg7c=",
        "owner": "NixOS",
        "repo": "nixpkgs",
        "rev": "2fa57ed190fd6c7c746319444f34b5917666e5c1",
        "type": "github"
      },
      "original": {
        "owner": "NixOS",
        "ref": "nixos-22.05-small",
        "repo": "nixpkgs",
        "type": "github"
      }
    },
    "nixpkgs-regression": {
      "locked": {
        "lastModified": 1643052045,
        "narHash": "sha256-uGJ0VXIhWKGXxkeNnq4TvV3CIOkUJ3PAoLZ3HMzNVMw=",
        "owner": "NixOS",
        "repo": "nixpkgs",
        "rev": "215d4d0fd80ca5163643b03a33fde804a29cc1e2",
        "type": "github"
      },
      "original": {
        "owner": "NixOS",
        "repo": "nixpkgs",
        "rev": "215d4d0fd80ca5163643b03a33fde804a29cc1e2",
        "type": "github"
      }
    },
    "nixpkgs_2": {
      "locked": {
        "lastModified": 1658430343,
        "narHash": "sha256-cZ7dw+dyHELMnnMQvCE9HTJ4liqwpsIt2VFbnC+GNNk=",
        "owner": "nixos",
        "repo": "nixpkgs",
        "rev": "e2b34f0f11ed8ad83d9ec9c14260192c3bcccb0d",
        "type": "github"
      },
      "original": {
        "owner": "nixos",
        "ref": "nixpkgs-unstable",
        "repo": "nixpkgs",
        "type": "github"
      }
    },
    "nixpkgs_2305": {
      "locked": {
        "lastModified": 1685801374,
        "narHash": "sha256-otaSUoFEMM+LjBI1XL/xGB5ao6IwnZOXc47qhIgJe8U=",
        "owner": "nixos",
        "repo": "nixpkgs",
        "rev": "c37ca420157f4abc31e26f436c1145f8951ff373",
        "type": "github"
      },
      "original": {
        "owner": "nixos",
        "ref": "nixos-23.05",
        "repo": "nixpkgs",
        "type": "github"
      }
    },
    "nixpkgs_3": {
      "locked": {
        "lastModified": 1685866647,
        "narHash": "sha256-4jKguNHY/edLYImB+uL8jKPL/vpfOvMmSlLAGfxSrnY=",
        "owner": "nixos",
        "repo": "nixpkgs",
        "rev": "a53a3bec10deef6e1cc1caba5bc60f53b959b1e8",
        "type": "github"
      },
      "original": {
        "owner": "nixos",
        "ref": "nixpkgs-unstable",
        "repo": "nixpkgs",
        "type": "github"
      }
    },
    "nixpkgs_4": {
      "locked": {
        "lastModified": 1659606041,
        "narHash": "sha256-W4/u2ssr3fS4XOtltrsDD9w2kF4jYYZr6JyPGUW2jdI=",
        "owner": "NixOS",
        "repo": "nixpkgs",
        "rev": "5f9b871b72b24f066b1a1e189efd0669f2888c49",
        "type": "github"
      },
      "original": {
        "id": "nixpkgs",
        "type": "indirect"
      }
    },
    "root": {
      "inputs": {
        "dwarffs": "dwarffs",
        "home-manager": "home-manager",
        "nix-sops": "nix-sops",
        "nixpkgs": "nixpkgs_3",
        "nixpkgs_2305": "nixpkgs_2305",
        "systemd-user-sleep": "systemd-user-sleep"
      }
    },
    "systemd-user-sleep": {
      "inputs": {
        "mozilla": "mozilla",
        "nixpkgs": "nixpkgs_4"
      },
      "locked": {
        "lastModified": 1661203337,
        "narHash": "sha256-TfqUR291KRdIEgIRqehC0kQLrBw7ZGInzUAHpsqZF9M=",
        "owner": "impl",
        "repo": "systemd-user-sleep",
        "rev": "666cf29871b1eb50859caad23188d9867c255c7b",
        "type": "github"
      },
      "original": {
        "owner": "impl",
        "repo": "systemd-user-sleep",
        "type": "github"
      }
    },
    "utils": {
      "locked": {
        "lastModified": 1653893745,
        "narHash": "sha256-0jntwV3Z8//YwuOjzhV2sgJJPt+HY6KhU7VZUL0fKZQ=",
        "owner": "numtide",
        "repo": "flake-utils",
        "rev": "1ed9fb1935d260de5fe1c2f7ee0ebaae17ed2fa1",
        "type": "github"
      },
      "original": {
        "owner": "numtide",
        "repo": "flake-utils",
        "type": "github"
      }
    }
  },
  "root": "root",
  "version": 7
}
