{
  "nodes": {
    "home-manager": {
      "inputs": {
        "nixpkgs": [
          "nixpkgs"
        ]
      },
      "locked": {
        "lastModified": 1652452047,
        "narHash": "sha256-O6DI0dMH/5rNM+z9CQ/nqRMNBpNsU7TtLSsafKLZTHY=",
        "owner": "nix-community",
        "repo": "home-manager",
        "rev": "32a7da69dc53c9eb5ad0675eb7fdc58f7fe35272",
        "type": "github"
      },
      "original": {
        "owner": "nix-community",
        "repo": "home-manager",
        "type": "github"
      }
    },
    "nix-sops": {
      "inputs": {
        "home-manager": [
          "home-manager"
        ],
        "nixpkgs": [
          "nixpkgs"
        ]
      },
      "locked": {
        "lastModified": 1652740774,
        "narHash": "sha256-kzHLQvN714sl1c/5DF1o1ElBOV3fOTPbHbz3mR9ZNPY=",
        "owner": "impl",
        "repo": "nix-sops",
        "rev": "fedd1ea8692c47a0f9adac77f2fad6fea7395c68",
        "type": "github"
      },
      "original": {
        "owner": "impl",
        "repo": "nix-sops",
        "type": "github"
      }
    },
    "nixpkgs": {
      "locked": {
        "lastModified": 1652692103,
        "narHash": "sha256-ygRLh8g0F/WkVCSfQcxMoVaaD45i6Ky+f+b4wCOazag=",
        "owner": "nixos",
        "repo": "nixpkgs",
        "rev": "556ce9a40abde33738e6c9eac65f965a8be3b623",
        "type": "github"
      },
      "original": {
        "owner": "nixos",
        "ref": "nixpkgs-unstable",
        "repo": "nixpkgs",
        "type": "github"
      }
    },
    "nur": {
      "locked": {
        "lastModified": 1652736404,
        "narHash": "sha256-zOb1P1Iq0kCLFn4rcJaAd8w+yfXRepn9temQpSYVnpQ=",
        "owner": "nix-community",
        "repo": "NUR",
        "rev": "5a3b12f7ccdee2620be5076f37222cdbb4fde544",
        "type": "github"
      },
      "original": {
        "owner": "nix-community",
        "repo": "NUR",
        "type": "github"
      }
    },
    "root": {
      "inputs": {
        "home-manager": "home-manager",
        "nix-sops": "nix-sops",
        "nixpkgs": "nixpkgs",
        "nur": "nur"
      }
    }
  },
  "root": "root",
  "version": 7
}
